
Microsoft Visual Studio Solution File, Format Version 12.00
# Visual Studio 15
VisualStudioVersion = 15.0.27703.2042
MinimumVisualStudioVersion = 10.0.40219.1
Project("{FAE04EC0-301F-11D3-BF4B-00C04F79EFBC}") = "SuperBlog", "SuperBlog\SuperBlog.csproj", "{12116904-243A-4EA0-B028-0470689D0A18}"
EndProject
Global
	GlobalSection(SolutionConfigurationPlatforms) = preSolution
		Debug|Any CPU = Debug|Any CPU
		Release|Any CPU = Release|Any CPU
	EndGlobalSection
	GlobalSection(ProjectConfigurationPlatforms) = postSolution
		{12116904-243A-4EA0-B028-0470689D0A18}.Debug|Any CPU.ActiveCfg = Debug|Any CPU
		{12116904-243A-4EA0-B028-0470689D0A18}.Debug|Any CPU.Build.0 = Debug|Any CPU
		{12116904-243A-4EA0-B028-0470689D0A18}.Release|Any CPU.ActiveCfg = Release|Any CPU
		{12116904-243A-4EA0-B028-0470689D0A18}.Release|Any CPU.Build.0 = Release|Any CPU
	EndGlobalSection
	GlobalSection(SolutionProperties) = preSolution
		HideSolutionNode = FALSE
	EndGlobalSection
	GlobalSection(ExtensibilityGlobals) = postSolution
		SolutionGuid = {83471EAF-7349-4A4C-B2DB-19A1410A6E7A}
	EndGlobalSection
EndGlobal
